
Microsoft Visual Studio Solution File, Format Version 12.00
# Visual Studio Version 17
VisualStudioVersion = 17.9.34616.47
MinimumVisualStudioVersion = 10.0.40219.1
Project("{FAE04EC0-301F-11D3-BF4B-00C04F79EFBC}") = "Assignment3", "Assignment3.csproj", "{C1B07E0D-1515-4901-B3E0-B552190CD505}"
EndProject
Global
	GlobalSection(SolutionConfigurationPlatforms) = preSolution
		Debug|Any CPU = Debug|Any CPU
		Release|Any CPU = Release|Any CPU
	EndGlobalSection
	GlobalSection(ProjectConfigurationPlatforms) = postSolution
		{C1B07E0D-1515-4901-B3E0-B552190CD505}.Debug|Any CPU.ActiveCfg = Debug|Any CPU
		{C1B07E0D-1515-4901-B3E0-B552190CD505}.Debug|Any CPU.Build.0 = Debug|Any CPU
		{C1B07E0D-1515-4901-B3E0-B552190CD505}.Release|Any CPU.ActiveCfg = Release|Any CPU
		{C1B07E0D-1515-4901-B3E0-B552190CD505}.Release|Any CPU.Build.0 = Release|Any CPU
	EndGlobalSection
	GlobalSection(SolutionProperties) = preSolution
		HideSolutionNode = FALSE
	EndGlobalSection
	GlobalSection(ExtensibilityGlobals) = postSolution
		SolutionGuid = {1A8618CC-77F6-4618-A653-F7367F72F79F}
	EndGlobalSection
EndGlobal
